// !$*UTF8*$!
{
	archiveVersion = 1;
	classes = {
	};
	objectVersion = 50;
	objects = {

/* Begin PBXBuildFile section */
		CA13BC48255FD07D00F73597 /* AppDelegate.swift in Sources */ = {isa = PBXBuildFile; fileRef = CA13BC47255FD07D00F73597 /* AppDelegate.swift */; };
		CA13BC4A255FD07D00F73597 /* SceneDelegate.swift in Sources */ = {isa = PBXBuildFile; fileRef = CA13BC49255FD07D00F73597 /* SceneDelegate.swift */; };
		CA13BC4C255FD07D00F73597 /* ViewController.swift in Sources */ = {isa = PBXBuildFile; fileRef = CA13BC4B255FD07D00F73597 /* ViewController.swift */; };
		CA13BC4F255FD07D00F73597 /* Main.storyboard in Resources */ = {isa = PBXBuildFile; fileRef = CA13BC4D255FD07D00F73597 /* Main.storyboard */; };
		CA13BC51255FD08100F73597 /* Assets.xcassets in Resources */ = {isa = PBXBuildFile; fileRef = CA13BC50255FD08100F73597 /* Assets.xcassets */; };
		CA13BC54255FD08100F73597 /* LaunchScreen.storyboard in Resources */ = {isa = PBXBuildFile; fileRef = CA13BC52255FD08100F73597 /* LaunchScreen.storyboard */; };
		CA13BC5F255FD08100F73597 /* PogoTradeTests.swift in Sources */ = {isa = PBXBuildFile; fileRef = CA13BC5E255FD08100F73597 /* PogoTradeTests.swift */; };
		CA13BC6A255FD08100F73597 /* PogoTradeUITests.swift in Sources */ = {isa = PBXBuildFile; fileRef = CA13BC69255FD08100F73597 /* PogoTradeUITests.swift */; };
/* End PBXBuildFile section */

/* Begin PBXContainerItemProxy section */
		CA13BC5B255FD08100F73597 /* PBXContainerItemProxy */ = {
			isa = PBXContainerItemProxy;
			containerPortal = CA13BC3C255FD07D00F73597 /* Project object */;
			proxyType = 1;
			remoteGlobalIDString = CA13BC43255FD07D00F73597;
			remoteInfo = PogoTrade;
		};
		CA13BC66255FD08100F73597 /* PBXContainerItemProxy */ = {
			isa = PBXContainerItemProxy;
			containerPortal = CA13BC3C255FD07D00F73597 /* Project object */;
			proxyType = 1;
			remoteGlobalIDString = CA13BC43255FD07D00F73597;
			remoteInfo = PogoTrade;
		};
/* End PBXContainerItemProxy section */

/* Begin PBXFileReference section */
		CA13BC44255FD07D00F73597 /* PogoTrade.app */ = {isa = PBXFileReference; explicitFileType = wrapper.application; includeInIndex = 0; path = PogoTrade.app; sourceTree = BUILT_PRODUCTS_DIR; };
		CA13BC47255FD07D00F73597 /* AppDelegate.swift */ = {isa = PBXFileReference; lastKnownFileType = sourcecode.swift; path = AppDelegate.swift; sourceTree = "<group>"; };
		CA13BC49255FD07D00F73597 /* SceneDelegate.swift */ = {isa = PBXFileReference; lastKnownFileType = sourcecode.swift; path = SceneDelegate.swift; sourceTree = "<group>"; };
		CA13BC4B255FD07D00F73597 /* ViewController.swift */ = {isa = PBXFileReference; lastKnownFileType = sourcecode.swift; path = ViewController.swift; sourceTree = "<group>"; };
		CA13BC4E255FD07D00F73597 /* Base */ = {isa = PBXFileReference; lastKnownFileType = file.storyboard; name = Base; path = Base.lproj/Main.storyboard; sourceTree = "<group>"; };
		CA13BC50255FD08100F73597 /* Assets.xcassets */ = {isa = PBXFileReference; lastKnownFileType = folder.assetcatalog; path = Assets.xcassets; sourceTree = "<group>"; };
		CA13BC53255FD08100F73597 /* Base */ = {isa = PBXFileReference; lastKnownFileType = file.storyboard; name = Base; path = Base.lproj/LaunchScreen.storyboard; sourceTree = "<group>"; };
		CA13BC55255FD08100F73597 /* Info.plist */ = {isa = PBXFileReference; lastKnownFileType = text.plist.xml; path = Info.plist; sourceTree = "<group>"; };
		CA13BC5A255FD08100F73597 /* PogoTradeTests.xctest */ = {isa = PBXFileReference; explicitFileType = wrapper.cfbundle; includeInIndex = 0; path = PogoTradeTests.xctest; sourceTree = BUILT_PRODUCTS_DIR; };
		CA13BC5E255FD08100F73597 /* PogoTradeTests.swift */ = {isa = PBXFileReference; lastKnownFileType = sourcecode.swift; path = PogoTradeTests.swift; sourceTree = "<group>"; };
		CA13BC60255FD08100F73597 /* Info.plist */ = {isa = PBXFileReference; lastKnownFileType = text.plist.xml; path = Info.plist; sourceTree = "<group>"; };
		CA13BC65255FD08100F73597 /* PogoTradeUITests.xctest */ = {isa = PBXFileReference; explicitFileType = wrapper.cfbundle; includeInIndex = 0; path = PogoTradeUITests.xctest; sourceTree = BUILT_PRODUCTS_DIR; };
		CA13BC69255FD08100F73597 /* PogoTradeUITests.swift */ = {isa = PBXFileReference; lastKnownFileType = sourcecode.swift; path = PogoTradeUITests.swift; sourceTree = "<group>"; };
		CA13BC6B255FD08100F73597 /* Info.plist */ = {isa = PBXFileReference; lastKnownFileType = text.plist.xml; path = Info.plist; sourceTree = "<group>"; };
/* End PBXFileReference section */

/* Begin PBXFrameworksBuildPhase section */
		CA13BC41255FD07D00F73597 /* Frameworks */ = {
			isa = PBXFrameworksBuildPhase;
			buildActionMask = 2147483647;
			files = (
			);
			runOnlyForDeploymentPostprocessing = 0;
		};
		CA13BC57255FD08100F73597 /* Frameworks */ = {
			isa = PBXFrameworksBuildPhase;
			buildActionMask = 2147483647;
			files = (
			);
			runOnlyForDeploymentPostprocessing = 0;
		};
		CA13BC62255FD08100F73597 /* Frameworks */ = {
			isa = PBXFrameworksBuildPhase;
			buildActionMask = 2147483647;
			files = (
			);
			runOnlyForDeploymentPostprocessing = 0;
		};
/* End PBXFrameworksBuildPhase section */

/* Begin PBXGroup section */
		CA13BC3B255FD07D00F73597 = {
			isa = PBXGroup;
			children = (
				CA13BC46255FD07D00F73597 /* PogoTrade */,
				CA13BC5D255FD08100F73597 /* PogoTradeTests */,
				CA13BC68255FD08100F73597 /* PogoTradeUITests */,
				CA13BC45255FD07D00F73597 /* Products */,
			);
			sourceTree = "<group>";
		};
		CA13BC45255FD07D00F73597 /* Products */ = {
			isa = PBXGroup;
			children = (
				CA13BC44255FD07D00F73597 /* PogoTrade.app */,
				CA13BC5A255FD08100F73597 /* PogoTradeTests.xctest */,
				CA13BC65255FD08100F73597 /* PogoTradeUITests.xctest */,
			);
			name = Products;
			sourceTree = "<group>";
		};
		CA13BC46255FD07D00F73597 /* PogoTrade */ = {
			isa = PBXGroup;
			children = (
				CA13BC47255FD07D00F73597 /* AppDelegate.swift */,
				CA13BC49255FD07D00F73597 /* SceneDelegate.swift */,
				CA13BC4B255FD07D00F73597 /* ViewController.swift */,
				CA13BC4D255FD07D00F73597 /* Main.storyboard */,
				CA13BC50255FD08100F73597 /* Assets.xcassets */,
				CA13BC52255FD08100F73597 /* LaunchScreen.storyboard */,
				CA13BC55255FD08100F73597 /* Info.plist */,
			);
			path = PogoTrade;
			sourceTree = "<group>";
		};
		CA13BC5D255FD08100F73597 /* PogoTradeTests */ = {
			isa = PBXGroup;
			children = (
				CA13BC5E255FD08100F73597 /* PogoTradeTests.swift */,
				CA13BC60255FD08100F73597 /* Info.plist */,
			);
			path = PogoTradeTests;
			sourceTree = "<group>";
		};
		CA13BC68255FD08100F73597 /* PogoTradeUITests */ = {
			isa = PBXGroup;
			children = (
				CA13BC69255FD08100F73597 /* PogoTradeUITests.swift */,
				CA13BC6B255FD08100F73597 /* Info.plist */,
			);
			path = PogoTradeUITests;
			sourceTree = "<group>";
		};
/* End PBXGroup section */

/* Begin PBXNativeTarget section */
		CA13BC43255FD07D00F73597 /* PogoTrade */ = {
			isa = PBXNativeTarget;
			buildConfigurationList = CA13BC6E255FD08100F73597 /* Build configuration list for PBXNativeTarget "PogoTrade" */;
			buildPhases = (
				CA13BC40255FD07D00F73597 /* Sources */,
				CA13BC41255FD07D00F73597 /* Frameworks */,
				CA13BC42255FD07D00F73597 /* Resources */,
			);
			buildRules = (
			);
			dependencies = (
			);
			name = PogoTrade;
			productName = PogoTrade;
			productReference = CA13BC44255FD07D00F73597 /* PogoTrade.app */;
			productType = "com.apple.product-type.application";
		};
		CA13BC59255FD08100F73597 /* PogoTradeTests */ = {
			isa = PBXNativeTarget;
			buildConfigurationList = CA13BC71255FD08100F73597 /* Build configuration list for PBXNativeTarget "PogoTradeTests" */;
			buildPhases = (
				CA13BC56255FD08100F73597 /* Sources */,
				CA13BC57255FD08100F73597 /* Frameworks */,
				CA13BC58255FD08100F73597 /* Resources */,
			);
			buildRules = (
			);
			dependencies = (
				CA13BC5C255FD08100F73597 /* PBXTargetDependency */,
			);
			name = PogoTradeTests;
			productName = PogoTradeTests;
			productReference = CA13BC5A255FD08100F73597 /* PogoTradeTests.xctest */;
			productType = "com.apple.product-type.bundle.unit-test";
		};
		CA13BC64255FD08100F73597 /* PogoTradeUITests */ = {
			isa = PBXNativeTarget;
			buildConfigurationList = CA13BC74255FD08100F73597 /* Build configuration list for PBXNativeTarget "PogoTradeUITests" */;
			buildPhases = (
				CA13BC61255FD08100F73597 /* Sources */,
				CA13BC62255FD08100F73597 /* Frameworks */,
				CA13BC63255FD08100F73597 /* Resources */,
			);
			buildRules = (
			);
			dependencies = (
				CA13BC67255FD08100F73597 /* PBXTargetDependency */,
			);
			name = PogoTradeUITests;
			productName = PogoTradeUITests;
			productReference = CA13BC65255FD08100F73597 /* PogoTradeUITests.xctest */;
			productType = "com.apple.product-type.bundle.ui-testing";
		};
/* End PBXNativeTarget section */

/* Begin PBXProject section */
		CA13BC3C255FD07D00F73597 /* Project object */ = {
			isa = PBXProject;
			attributes = {
				LastSwiftUpdateCheck = 1210;
				LastUpgradeCheck = 1210;
				TargetAttributes = {
					CA13BC43255FD07D00F73597 = {
						CreatedOnToolsVersion = 12.1;
					};
					CA13BC59255FD08100F73597 = {
						CreatedOnToolsVersion = 12.1;
						TestTargetID = CA13BC43255FD07D00F73597;
					};
					CA13BC64255FD08100F73597 = {
						CreatedOnToolsVersion = 12.1;
						TestTargetID = CA13BC43255FD07D00F73597;
					};
				};
			};
			buildConfigurationList = CA13BC3F255FD07D00F73597 /* Build configuration list for PBXProject "PogoTrade" */;
			compatibilityVersion = "Xcode 9.3";
			developmentRegion = en;
			hasScannedForEncodings = 0;
			knownRegions = (
				en,
				Base,
			);
			mainGroup = CA13BC3B255FD07D00F73597;
			productRefGroup = CA13BC45255FD07D00F73597 /* Products */;
			projectDirPath = "";
			projectRoot = "";
			targets = (
				CA13BC43255FD07D00F73597 /* PogoTrade */,
				CA13BC59255FD08100F73597 /* PogoTradeTests */,
				CA13BC64255FD08100F73597 /* PogoTradeUITests */,
			);
		};
/* End PBXProject section */

/* Begin PBXResourcesBuildPhase section */
		CA13BC42255FD07D00F73597 /* Resources */ = {
			isa = PBXResourcesBuildPhase;
			buildActionMask = 2147483647;
			files = (
				CA13BC54255FD08100F73597 /* LaunchScreen.storyboard in Resources */,
				CA13BC51255FD08100F73597 /* Assets.xcassets in Resources */,
				CA13BC4F255FD07D00F73597 /* Main.storyboard in Resources */,
			);
			runOnlyForDeploymentPostprocessing = 0;
		};
		CA13BC58255FD08100F73597 /* Resources */ = {
			isa = PBXResourcesBuildPhase;
			buildActionMask = 2147483647;
			files = (
			);
			runOnlyForDeploymentPostprocessing = 0;
		};
		CA13BC63255FD08100F73597 /* Resources */ = {
			isa = PBXResourcesBuildPhase;
			buildActionMask = 2147483647;
			files = (
			);
			runOnlyForDeploymentPostprocessing = 0;
		};
/* End PBXResourcesBuildPhase section */

/* Begin PBXSourcesBuildPhase section */
		CA13BC40255FD07D00F73597 /* Sources */ = {
			isa = PBXSourcesBuildPhase;
			buildActionMask = 2147483647;
			files = (
				CA13BC4C255FD07D00F73597 /* ViewController.swift in Sources */,
				CA13BC48255FD07D00F73597 /* AppDelegate.swift in Sources */,
				CA13BC4A255FD07D00F73597 /* SceneDelegate.swift in Sources */,
			);
			runOnlyForDeploymentPostprocessing = 0;
		};
		CA13BC56255FD08100F73597 /* Sources */ = {
			isa = PBXSourcesBuildPhase;
			buildActionMask = 2147483647;
			files = (
				CA13BC5F255FD08100F73597 /* PogoTradeTests.swift in Sources */,
			);
			runOnlyForDeploymentPostprocessing = 0;
		};
		CA13BC61255FD08100F73597 /* Sources */ = {
			isa = PBXSourcesBuildPhase;
			buildActionMask = 2147483647;
			files = (
				CA13BC6A255FD08100F73597 /* PogoTradeUITests.swift in Sources */,
			);
			runOnlyForDeploymentPostprocessing = 0;
		};
/* End PBXSourcesBuildPhase section */

/* Begin PBXTargetDependency section */
		CA13BC5C255FD08100F73597 /* PBXTargetDependency */ = {
			isa = PBXTargetDependency;
			target = CA13BC43255FD07D00F73597 /* PogoTrade */;
			targetProxy = CA13BC5B255FD08100F73597 /* PBXContainerItemProxy */;
		};
		CA13BC67255FD08100F73597 /* PBXTargetDependency */ = {
			isa = PBXTargetDependency;
			target = CA13BC43255FD07D00F73597 /* PogoTrade */;
			targetProxy = CA13BC66255FD08100F73597 /* PBXContainerItemProxy */;
		};
/* End PBXTargetDependency section */

/* Begin PBXVariantGroup section */
		CA13BC4D255FD07D00F73597 /* Main.storyboard */ = {
			isa = PBXVariantGroup;
			children = (
				CA13BC4E255FD07D00F73597 /* Base */,
			);
			name = Main.storyboard;
			sourceTree = "<group>";
		};
		CA13BC52255FD08100F73597 /* LaunchScreen.storyboard */ = {
			isa = PBXVariantGroup;
			children = (
				CA13BC53255FD08100F73597 /* Base */,
			);
			name = LaunchScreen.storyboard;
			sourceTree = "<group>";
		};
/* End PBXVariantGroup section */

/* Begin XCBuildConfiguration section */
		CA13BC6C255FD08100F73597 /* Debug */ = {
			isa = XCBuildConfiguration;
			buildSettings = {
				ALWAYS_SEARCH_USER_PATHS = NO;
				CLANG_ANALYZER_NONNULL = YES;
				CLANG_ANALYZER_NUMBER_OBJECT_CONVERSION = YES_AGGRESSIVE;
				CLANG_CXX_LANGUAGE_STANDARD = "gnu++14";
				CLANG_CXX_LIBRARY = "libc++";
				CLANG_ENABLE_MODULES = YES;
				CLANG_ENABLE_OBJC_ARC = YES;
				CLANG_ENABLE_OBJC_WEAK = YES;
				CLANG_WARN_BLOCK_CAPTURE_AUTORELEASING = YES;
				CLANG_WARN_BOOL_CONVERSION = YES;
				CLANG_WARN_COMMA = YES;
				CLANG_WARN_CONSTANT_CONVERSION = YES;
				CLANG_WARN_DEPRECATED_OBJC_IMPLEMENTATIONS = YES;
				CLANG_WARN_DIRECT_OBJC_ISA_USAGE = YES_ERROR;
				CLANG_WARN_DOCUMENTATION_COMMENTS = YES;
				CLANG_WARN_EMPTY_BODY = YES;
				CLANG_WARN_ENUM_CONVERSION = YES;
				CLANG_WARN_INFINITE_RECURSION = YES;
				CLANG_WARN_INT_CONVERSION = YES;
				CLANG_WARN_NON_LITERAL_NULL_CONVERSION = YES;
				CLANG_WARN_OBJC_IMPLICIT_RETAIN_SELF = YES;
				CLANG_WARN_OBJC_LITERAL_CONVERSION = YES;
				CLANG_WARN_OBJC_ROOT_CLASS = YES_ERROR;
				CLANG_WARN_QUOTED_INCLUDE_IN_FRAMEWORK_HEADER = YES;
				CLANG_WARN_RANGE_LOOP_ANALYSIS = YES;
				CLANG_WARN_STRICT_PROTOTYPES = YES;
				CLANG_WARN_SUSPICIOUS_MOVE = YES;
				CLANG_WARN_UNGUARDED_AVAILABILITY = YES_AGGRESSIVE;
				CLANG_WARN_UNREACHABLE_CODE = YES;
				CLANG_WARN__DUPLICATE_METHOD_MATCH = YES;
				COPY_PHASE_STRIP = NO;
				DEBUG_INFORMATION_FORMAT = dwarf;
				ENABLE_STRICT_OBJC_MSGSEND = YES;
				ENABLE_TESTABILITY = YES;
				GCC_C_LANGUAGE_STANDARD = gnu11;
				GCC_DYNAMIC_NO_PIC = NO;
				GCC_NO_COMMON_BLOCKS = YES;
				GCC_OPTIMIZATION_LEVEL = 0;
				GCC_PREPROCESSOR_DEFINITIONS = (
					"DEBUG=1",
					"$(inherited)",
				);
				GCC_WARN_64_TO_32_BIT_CONVERSION = YES;
				GCC_WARN_ABOUT_RETURN_TYPE = YES_ERROR;
				GCC_WARN_UNDECLARED_SELECTOR = YES;
				GCC_WARN_UNINITIALIZED_AUTOS = YES_AGGRESSIVE;
				GCC_WARN_UNUSED_FUNCTION = YES;
				GCC_WARN_UNUSED_VARIABLE = YES;
				IPHONEOS_DEPLOYMENT_TARGET = 14.1;
				MTL_ENABLE_DEBUG_INFO = INCLUDE_SOURCE;
				MTL_FAST_MATH = YES;
				ONLY_ACTIVE_ARCH = YES;
				SDKROOT = iphoneos;
				SWIFT_ACTIVE_COMPILATION_CONDITIONS = DEBUG;
				SWIFT_OPTIMIZATION_LEVEL = "-Onone";
			};
			name = Debug;
		};
		CA13BC6D255FD08100F73597 /* Release */ = {
			isa = XCBuildConfiguration;
			buildSettings = {
				ALWAYS_SEARCH_USER_PATHS = NO;
				CLANG_ANALYZER_NONNULL = YES;
				CLANG_ANALYZER_NUMBER_OBJECT_CONVERSION = YES_AGGRESSIVE;
				CLANG_CXX_LANGUAGE_STANDARD = "gnu++14";
				CLANG_CXX_LIBRARY = "libc++";
				CLANG_ENABLE_MODULES = YES;
				CLANG_ENABLE_OBJC_ARC = YES;
				CLANG_ENABLE_OBJC_WEAK = YES;
				CLANG_WARN_BLOCK_CAPTURE_AUTORELEASING = YES;
				CLANG_WARN_BOOL_CONVERSION = YES;
				CLANG_WARN_COMMA = YES;
				CLANG_WARN_CONSTANT_CONVERSION = YES;
				CLANG_WARN_DEPRECATED_OBJC_IMPLEMENTATIONS = YES;
				CLANG_WARN_DIRECT_OBJC_ISA_USAGE = YES_ERROR;
				CLANG_WARN_DOCUMENTATION_COMMENTS = YES;
				CLANG_WARN_EMPTY_BODY = YES;
				CLANG_WARN_ENUM_CONVERSION = YES;
				CLANG_WARN_INFINITE_RECURSION = YES;
				CLANG_WARN_INT_CONVERSION = YES;
				CLANG_WARN_NON_LITERAL_NULL_CONVERSION = YES;
				CLANG_WARN_OBJC_IMPLICIT_RETAIN_SELF = YES;
				CLANG_WARN_OBJC_LITERAL_CONVERSION = YES;
				CLANG_WARN_OBJC_ROOT_CLASS = YES_ERROR;
				CLANG_WARN_QUOTED_INCLUDE_IN_FRAMEWORK_HEADER = YES;
				CLANG_WARN_RANGE_LOOP_ANALYSIS = YES;
				CLANG_WARN_STRICT_PROTOTYPES = YES;
				CLANG_WARN_SUSPICIOUS_MOVE = YES;
				CLANG_WARN_UNGUARDED_AVAILABILITY = YES_AGGRESSIVE;
				CLANG_WARN_UNREACHABLE_CODE = YES;
				CLANG_WARN__DUPLICATE_METHOD_MATCH = YES;
				COPY_PHASE_STRIP = NO;
				DEBUG_INFORMATION_FORMAT = "dwarf-with-dsym";
				ENABLE_NS_ASSERTIONS = NO;
				ENABLE_STRICT_OBJC_MSGSEND = YES;
				GCC_C_LANGUAGE_STANDARD = gnu11;
				GCC_NO_COMMON_BLOCKS = YES;
				GCC_WARN_64_TO_32_BIT_CONVERSION = YES;
				GCC_WARN_ABOUT_RETURN_TYPE = YES_ERROR;
				GCC_WARN_UNDECLARED_SELECTOR = YES;
				GCC_WARN_UNINITIALIZED_AUTOS = YES_AGGRESSIVE;
				GCC_WARN_UNUSED_FUNCTION = YES;
				GCC_WARN_UNUSED_VARIABLE = YES;
				IPHONEOS_DEPLOYMENT_TARGET = 14.1;
				MTL_ENABLE_DEBUG_INFO = NO;
				MTL_FAST_MATH = YES;
				SDKROOT = iphoneos;
				SWIFT_COMPILATION_MODE = wholemodule;
				SWIFT_OPTIMIZATION_LEVEL = "-O";
				VALIDATE_PRODUCT = YES;
			};
			name = Release;
		};
		CA13BC6F255FD08100F73597 /* Debug */ = {
			isa = XCBuildConfiguration;
			buildSettings = {
				ASSETCATALOG_COMPILER_APPICON_NAME = AppIcon;
				ASSETCATALOG_COMPILER_GLOBAL_ACCENT_COLOR_NAME = AccentColor;
				CODE_SIGN_STYLE = Automatic;
				DEVELOPMENT_TEAM = JDF43T6SP8;
				INFOPLIST_FILE = PogoTrade/Info.plist;
				LD_RUNPATH_SEARCH_PATHS = (
					"$(inherited)",
					"@executable_path/Frameworks",
				);
				PRODUCT_BUNDLE_IDENTIFIER = com.icloud.nnbrandon.PogoTrade;
				PRODUCT_NAME = "$(TARGET_NAME)";
				SWIFT_VERSION = 5.0;
				TARGETED_DEVICE_FAMILY = "1,2";
			};
			name = Debug;
		};
		CA13BC70255FD08100F73597 /* Release */ = {
			isa = XCBuildConfiguration;
			buildSettings = {
				ASSETCATALOG_COMPILER_APPICON_NAME = AppIcon;
				ASSETCATALOG_COMPILER_GLOBAL_ACCENT_COLOR_NAME = AccentColor;
				CODE_SIGN_STYLE = Automatic;
				DEVELOPMENT_TEAM = JDF43T6SP8;
				INFOPLIST_FILE = PogoTrade/Info.plist;
				LD_RUNPATH_SEARCH_PATHS = (
					"$(inherited)",
					"@executable_path/Frameworks",
				);
				PRODUCT_BUNDLE_IDENTIFIER = com.icloud.nnbrandon.PogoTrade;
				PRODUCT_NAME = "$(TARGET_NAME)";
				SWIFT_VERSION = 5.0;
				TARGETED_DEVICE_FAMILY = "1,2";
			};
			name = Release;
		};
		CA13BC72255FD08100F73597 /* Debug */ = {
			isa = XCBuildConfiguration;
			buildSettings = {
				ALWAYS_EMBED_SWIFT_STANDARD_LIBRARIES = YES;
				BUNDLE_LOADER = "$(TEST_HOST)";
				CODE_SIGN_STYLE = Automatic;
				DEVELOPMENT_TEAM = JDF43T6SP8;
				INFOPLIST_FILE = PogoTradeTests/Info.plist;
				IPHONEOS_DEPLOYMENT_TARGET = 14.1;
				LD_RUNPATH_SEARCH_PATHS = (
					"$(inherited)",
					"@executable_path/Frameworks",
					"@loader_path/Frameworks",
				);
				PRODUCT_BUNDLE_IDENTIFIER = com.icloud.nnbrandon.PogoTradeTests;
				PRODUCT_NAME = "$(TARGET_NAME)";
				SWIFT_VERSION = 5.0;
				TARGETED_DEVICE_FAMILY = "1,2";
				TEST_HOST = "$(BUILT_PRODUCTS_DIR)/PogoTrade.app/PogoTrade";
			};
			name = Debug;
		};
		CA13BC73255FD08100F73597 /* Release */ = {
			isa = XCBuildConfiguration;
			buildSettings = {
				ALWAYS_EMBED_SWIFT_STANDARD_LIBRARIES = YES;
				BUNDLE_LOADER = "$(TEST_HOST)";
				CODE_SIGN_STYLE = Automatic;
				DEVELOPMENT_TEAM = JDF43T6SP8;
				INFOPLIST_FILE = PogoTradeTests/Info.plist;
				IPHONEOS_DEPLOYMENT_TARGET = 14.1;
				LD_RUNPATH_SEARCH_PATHS = (
					"$(inherited)",
					"@executable_path/Frameworks",
					"@loader_path/Frameworks",
				);
				PRODUCT_BUNDLE_IDENTIFIER = com.icloud.nnbrandon.PogoTradeTests;
				PRODUCT_NAME = "$(TARGET_NAME)";
				SWIFT_VERSION = 5.0;
				TARGETED_DEVICE_FAMILY = "1,2";
				TEST_HOST = "$(BUILT_PRODUCTS_DIR)/PogoTrade.app/PogoTrade";
			};
			name = Release;
		};
		CA13BC75255FD08100F73597 /* Debug */ = {
			isa = XCBuildConfiguration;
			buildSettings = {
				ALWAYS_EMBED_SWIFT_STANDARD_LIBRARIES = YES;
				CODE_SIGN_STYLE = Automatic;
				DEVELOPMENT_TEAM = JDF43T6SP8;
				INFOPLIST_FILE = PogoTradeUITests/Info.plist;
				LD_RUNPATH_SEARCH_PATHS = (
					"$(inherited)",
					"@executable_path/Frameworks",
					"@loader_path/Frameworks",
				);
				PRODUCT_BUNDLE_IDENTIFIER = com.icloud.nnbrandon.PogoTradeUITests;
				PRODUCT_NAME = "$(TARGET_NAME)";
				SWIFT_VERSION = 5.0;
				TARGETED_DEVICE_FAMILY = "1,2";
				TEST_TARGET_NAME = PogoTrade;
			};
			name = Debug;
		};
		CA13BC76255FD08100F73597 /* Release */ = {
			isa = XCBuildConfiguration;
			buildSettings = {
				ALWAYS_EMBED_SWIFT_STANDARD_LIBRARIES = YES;
				CODE_SIGN_STYLE = Automatic;
				DEVELOPMENT_TEAM = JDF43T6SP8;
				INFOPLIST_FILE = PogoTradeUITests/Info.plist;
				LD_RUNPATH_SEARCH_PATHS = (
					"$(inherited)",
					"@executable_path/Frameworks",
					"@loader_path/Frameworks",
				);
				PRODUCT_BUNDLE_IDENTIFIER = com.icloud.nnbrandon.PogoTradeUITests;
				PRODUCT_NAME = "$(TARGET_NAME)";
				SWIFT_VERSION = 5.0;
				TARGETED_DEVICE_FAMILY = "1,2";
				TEST_TARGET_NAME = PogoTrade;
			};
			name = Release;
		};
/* End XCBuildConfiguration section */

/* Begin XCConfigurationList section */
		CA13BC3F255FD07D00F73597 /* Build configuration list for PBXProject "PogoTrade" */ = {
			isa = XCConfigurationList;
			buildConfigurations = (
				CA13BC6C255FD08100F73597 /* Debug */,
				CA13BC6D255FD08100F73597 /* Release */,
			);
			defaultConfigurationIsVisible = 0;
			defaultConfigurationName = Release;
		};
		CA13BC6E255FD08100F73597 /* Build configuration list for PBXNativeTarget "PogoTrade" */ = {
			isa = XCConfigurationList;
			buildConfigurations = (
				CA13BC6F255FD08100F73597 /* Debug */,
				CA13BC70255FD08100F73597 /* Release */,
			);
			defaultConfigurationIsVisible = 0;
			defaultConfigurationName = Release;
		};
		CA13BC71255FD08100F73597 /* Build configuration list for PBXNativeTarget "PogoTradeTests" */ = {
			isa = XCConfigurationList;
			buildConfigurations = (
				CA13BC72255FD08100F73597 /* Debug */,
				CA13BC73255FD08100F73597 /* Release */,
			);
			defaultConfigurationIsVisible = 0;
			defaultConfigurationName = Release;
		};
		CA13BC74255FD08100F73597 /* Build configuration list for PBXNativeTarget "PogoTradeUITests" */ = {
			isa = XCConfigurationList;
			buildConfigurations = (
				CA13BC75255FD08100F73597 /* Debug */,
				CA13BC76255FD08100F73597 /* Release */,
			);
			defaultConfigurationIsVisible = 0;
			defaultConfigurationName = Release;
		};
/* End XCConfigurationList section */
	};
	rootObject = CA13BC3C255FD07D00F73597 /* Project object */;
}
